
Microsoft Visual Studio Solution File, Format Version 12.00
# Visual Studio Version 17
VisualStudioVersion = 17.0.31903.59
MinimumVisualStudioVersion = 10.0.40219.1
Project("{2150E333-8FDC-42A3-9474-1A3956D46DE8}") = "src", "src", "{00E852F3-E49F-4F06-8DE9-F006FC5CF11E}"
EndProject
Project("{FAE04EC0-301F-11D3-BF4B-00C04F79EFBC}") = "Yarpa.Contracts", "src\Yarpa.Contracts\Yarpa.Contracts.csproj", "{F49406E8-3E99-424C-8617-5F8BC22A5D23}"
EndProject
Project("{FAE04EC0-301F-11D3-BF4B-00C04F79EFBC}") = "Yarpa.Agent.Collectors", "src\Yarpa.Agent.Collectors\Yarpa.Agent.Collectors.csproj", "{55066E16-D7EE-410E-9161-542687F149A2}"
EndProject
Project("{FAE04EC0-301F-11D3-BF4B-00C04F79EFBC}") = "Yarpa.Agent", "src\Yarpa.Agent\Yarpa.Agent.csproj", "{95272743-CCF6-4E94-8C87-5FCA43E4501B}"
EndProject
Project("{FAE04EC0-301F-11D3-BF4B-00C04F79EFBC}") = "Yarpa.Api", "src\Yarpa.Api\Yarpa.Api.csproj", "{B9976529-C4E7-4538-85D0-BF7C191E1AED}"
EndProject
Project("{FAE04EC0-301F-11D3-BF4B-00C04F79EFBC}") = "Yarpa.Api.Data", "src\Yarpa.Api.Data\Yarpa.Api.Data.csproj", "{7EE3AA86-A6E3-4435-94A2-5B7E2347A830}"
EndProject
Project("{2150E333-8FDC-42A3-9474-1A3956D46DE8}") = "tests", "tests", "{8F4DCAF7-FFB0-41C6-85A9-268F2195A818}"
EndProject
Project("{FAE04EC0-301F-11D3-BF4B-00C04F79EFBC}") = "Yarpa.Agent.Tests", "tests\Yarpa.Agent.Tests\Yarpa.Agent.Tests.csproj", "{033A7725-5B37-41A8-BA85-C04DED0B0B7F}"
EndProject
Project("{FAE04EC0-301F-11D3-BF4B-00C04F79EFBC}") = "Yarpa.Api.Tests", "tests\Yarpa.Api.Tests\Yarpa.Api.Tests.csproj", "{67B97DAA-6F82-4278-A4C3-FB6DA8E3AE2E}"
EndProject
Global
	GlobalSection(SolutionConfigurationPlatforms) = preSolution
		Debug|Any CPU = Debug|Any CPU
		Release|Any CPU = Release|Any CPU
	EndGlobalSection
	GlobalSection(SolutionProperties) = preSolution
		HideSolutionNode = FALSE
	EndGlobalSection
	GlobalSection(ProjectConfigurationPlatforms) = postSolution
		{F49406E8-3E99-424C-8617-5F8BC22A5D23}.Debug|Any CPU.ActiveCfg = Debug|Any CPU
		{F49406E8-3E99-424C-8617-5F8BC22A5D23}.Debug|Any CPU.Build.0 = Debug|Any CPU
		{F49406E8-3E99-424C-8617-5F8BC22A5D23}.Release|Any CPU.ActiveCfg = Release|Any CPU
		{F49406E8-3E99-424C-8617-5F8BC22A5D23}.Release|Any CPU.Build.0 = Release|Any CPU
		{55066E16-D7EE-410E-9161-542687F149A2}.Debug|Any CPU.ActiveCfg = Debug|Any CPU
		{55066E16-D7EE-410E-9161-542687F149A2}.Debug|Any CPU.Build.0 = Debug|Any CPU
		{55066E16-D7EE-410E-9161-542687F149A2}.Release|Any CPU.ActiveCfg = Release|Any CPU
		{55066E16-D7EE-410E-9161-542687F149A2}.Release|Any CPU.Build.0 = Release|Any CPU
		{95272743-CCF6-4E94-8C87-5FCA43E4501B}.Debug|Any CPU.ActiveCfg = Debug|Any CPU
		{95272743-CCF6-4E94-8C87-5FCA43E4501B}.Debug|Any CPU.Build.0 = Debug|Any CPU
		{95272743-CCF6-4E94-8C87-5FCA43E4501B}.Release|Any CPU.ActiveCfg = Release|Any CPU
		{95272743-CCF6-4E94-8C87-5FCA43E4501B}.Release|Any CPU.Build.0 = Release|Any CPU
		{B9976529-C4E7-4538-85D0-BF7C191E1AED}.Debug|Any CPU.ActiveCfg = Debug|Any CPU
		{B9976529-C4E7-4538-85D0-BF7C191E1AED}.Debug|Any CPU.Build.0 = Debug|Any CPU
		{B9976529-C4E7-4538-85D0-BF7C191E1AED}.Release|Any CPU.ActiveCfg = Release|Any CPU
		{B9976529-C4E7-4538-85D0-BF7C191E1AED}.Release|Any CPU.Build.0 = Release|Any CPU
		{7EE3AA86-A6E3-4435-94A2-5B7E2347A830}.Debug|Any CPU.ActiveCfg = Debug|Any CPU
		{7EE3AA86-A6E3-4435-94A2-5B7E2347A830}.Debug|Any CPU.Build.0 = Debug|Any CPU
		{7EE3AA86-A6E3-4435-94A2-5B7E2347A830}.Release|Any CPU.ActiveCfg = Release|Any CPU
		{7EE3AA86-A6E3-4435-94A2-5B7E2347A830}.Release|Any CPU.Build.0 = Release|Any CPU
		{033A7725-5B37-41A8-BA85-C04DED0B0B7F}.Debug|Any CPU.ActiveCfg = Debug|Any CPU
		{033A7725-5B37-41A8-BA85-C04DED0B0B7F}.Debug|Any CPU.Build.0 = Debug|Any CPU
		{033A7725-5B37-41A8-BA85-C04DED0B0B7F}.Release|Any CPU.ActiveCfg = Release|Any CPU
		{033A7725-5B37-41A8-BA85-C04DED0B0B7F}.Release|Any CPU.Build.0 = Release|Any CPU
		{67B97DAA-6F82-4278-A4C3-FB6DA8E3AE2E}.Debug|Any CPU.ActiveCfg = Debug|Any CPU
		{67B97DAA-6F82-4278-A4C3-FB6DA8E3AE2E}.Debug|Any CPU.Build.0 = Debug|Any CPU
		{67B97DAA-6F82-4278-A4C3-FB6DA8E3AE2E}.Release|Any CPU.ActiveCfg = Release|Any CPU
		{67B97DAA-6F82-4278-A4C3-FB6DA8E3AE2E}.Release|Any CPU.Build.0 = Release|Any CPU
	EndGlobalSection
	GlobalSection(NestedProjects) = preSolution
		{F49406E8-3E99-424C-8617-5F8BC22A5D23} = {00E852F3-E49F-4F06-8DE9-F006FC5CF11E}
		{55066E16-D7EE-410E-9161-542687F149A2} = {00E852F3-E49F-4F06-8DE9-F006FC5CF11E}
		{95272743-CCF6-4E94-8C87-5FCA43E4501B} = {00E852F3-E49F-4F06-8DE9-F006FC5CF11E}
		{B9976529-C4E7-4538-85D0-BF7C191E1AED} = {00E852F3-E49F-4F06-8DE9-F006FC5CF11E}
		{7EE3AA86-A6E3-4435-94A2-5B7E2347A830} = {00E852F3-E49F-4F06-8DE9-F006FC5CF11E}
		{033A7725-5B37-41A8-BA85-C04DED0B0B7F} = {8F4DCAF7-FFB0-41C6-85A9-268F2195A818}
		{67B97DAA-6F82-4278-A4C3-FB6DA8E3AE2E} = {8F4DCAF7-FFB0-41C6-85A9-268F2195A818}
	EndGlobalSection
EndGlobal
